
Microsoft Visual Studio Solution File, Format Version 12.00
# Visual Studio Version 17
VisualStudioVersion = 17.5.002.0
MinimumVisualStudioVersion = 10.0.40219.1
Project("{9A19103F-16F7-4668-BE54-9A1E7A4F7556}") = "WrappArr", "WrappArr\WrappArr.csproj", "{F9DE64E6-D96C-4AAE-B94B-D4E61BE0D9FD}"
EndProject
Project("{9A19103F-16F7-4668-BE54-9A1E7A4F7556}") = "WrappArr_Console", "WrappArr_Console\WrappArr_Console.csproj", "{E7803541-69F9-4F0C-8BC1-E8138BF33027}"
EndProject
Global
	GlobalSection(SolutionConfigurationPlatforms) = preSolution
		Debug|Any CPU = Debug|Any CPU
		Release|Any CPU = Release|Any CPU
	EndGlobalSection
	GlobalSection(ProjectConfigurationPlatforms) = postSolution
		{F9DE64E6-D96C-4AAE-B94B-D4E61BE0D9FD}.Debug|Any CPU.ActiveCfg = Debug|Any CPU
		{F9DE64E6-D96C-4AAE-B94B-D4E61BE0D9FD}.Debug|Any CPU.Build.0 = Debug|Any CPU
		{F9DE64E6-D96C-4AAE-B94B-D4E61BE0D9FD}.Release|Any CPU.ActiveCfg = Release|Any CPU
		{F9DE64E6-D96C-4AAE-B94B-D4E61BE0D9FD}.Release|Any CPU.Build.0 = Release|Any CPU
		{E7803541-69F9-4F0C-8BC1-E8138BF33027}.Debug|Any CPU.ActiveCfg = Debug|Any CPU
		{E7803541-69F9-4F0C-8BC1-E8138BF33027}.Debug|Any CPU.Build.0 = Debug|Any CPU
		{E7803541-69F9-4F0C-8BC1-E8138BF33027}.Release|Any CPU.ActiveCfg = Release|Any CPU
		{E7803541-69F9-4F0C-8BC1-E8138BF33027}.Release|Any CPU.Build.0 = Release|Any CPU
	EndGlobalSection
	GlobalSection(SolutionProperties) = preSolution
		HideSolutionNode = FALSE
	EndGlobalSection
	GlobalSection(ExtensibilityGlobals) = postSolution
		SolutionGuid = {05B3CA3D-C1A3-45C3-9C02-5F1EAA24CD68}
	EndGlobalSection
EndGlobal
